// !$*UTF8*$!
{
	archiveVersion = 1;
	classes = {
	};
	objectVersion = 50;
	objects = {

/* Begin PBXBuildFile section */
		BCABC08E21B74AE000D03475 /* AppDelegate.swift in Sources */ = {isa = PBXBuildFile; fileRef = BCABC08D21B74AE000D03475 /* AppDelegate.swift */; };
		BCABC09021B74AE000D03475 /* ViewController.swift in Sources */ = {isa = PBXBuildFile; fileRef = BCABC08F21B74AE000D03475 /* ViewController.swift */; };
		BCABC09321B74AE000D03475 /* Main.storyboard in Resources */ = {isa = PBXBuildFile; fileRef = BCABC09121B74AE000D03475 /* Main.storyboard */; };
		BCABC09521B74AE100D03475 /* Assets.xcassets in Resources */ = {isa = PBXBuildFile; fileRef = BCABC09421B74AE100D03475 /* Assets.xcassets */; };
		BCABC09821B74AE100D03475 /* LaunchScreen.storyboard in Resources */ = {isa = PBXBuildFile; fileRef = BCABC09621B74AE100D03475 /* LaunchScreen.storyboard */; };
		BCABC0A321B74AE100D03475 /* AdventCalendar2018Tests.swift in Sources */ = {isa = PBXBuildFile; fileRef = BCABC0A221B74AE100D03475 /* AdventCalendar2018Tests.swift */; };
		BCABC0AE21B74AF000D03475 /* BottomBar.swift in Sources */ = {isa = PBXBuildFile; fileRef = BCABC0AD21B74AF000D03475 /* BottomBar.swift */; };
		BCABC0B021B75CC400D03475 /* BottomBar.xib in Resources */ = {isa = PBXBuildFile; fileRef = BCABC0AF21B75CC400D03475 /* BottomBar.xib */; };
		BCABC0B221B75FC800D03475 /* PageControl.swift in Sources */ = {isa = PBXBuildFile; fileRef = BCABC0B121B75FC800D03475 /* PageControl.swift */; };
/* End PBXBuildFile section */

/* Begin PBXContainerItemProxy section */
		BCABC09F21B74AE100D03475 /* PBXContainerItemProxy */ = {
			isa = PBXContainerItemProxy;
			containerPortal = BCABC08221B74AE000D03475 /* Project object */;
			proxyType = 1;
			remoteGlobalIDString = BCABC08921B74AE000D03475;
			remoteInfo = AdventCalendar2018;
		};
/* End PBXContainerItemProxy section */

/* Begin PBXFileReference section */
		BCABC08A21B74AE000D03475 /* AdventCalendar2018.app */ = {isa = PBXFileReference; explicitFileType = wrapper.application; includeInIndex = 0; path = AdventCalendar2018.app; sourceTree = BUILT_PRODUCTS_DIR; };
		BCABC08D21B74AE000D03475 /* AppDelegate.swift */ = {isa = PBXFileReference; lastKnownFileType = sourcecode.swift; path = AppDelegate.swift; sourceTree = "<group>"; };
		BCABC08F21B74AE000D03475 /* ViewController.swift */ = {isa = PBXFileReference; lastKnownFileType = sourcecode.swift; path = ViewController.swift; sourceTree = "<group>"; };
		BCABC09221B74AE000D03475 /* Base */ = {isa = PBXFileReference; lastKnownFileType = file.storyboard; name = Base; path = Base.lproj/Main.storyboard; sourceTree = "<group>"; };
		BCABC09421B74AE100D03475 /* Assets.xcassets */ = {isa = PBXFileReference; lastKnownFileType = folder.assetcatalog; path = Assets.xcassets; sourceTree = "<group>"; };
		BCABC09721B74AE100D03475 /* Base */ = {isa = PBXFileReference; lastKnownFileType = file.storyboard; name = Base; path = Base.lproj/LaunchScreen.storyboard; sourceTree = "<group>"; };
		BCABC09921B74AE100D03475 /* Info.plist */ = {isa = PBXFileReference; lastKnownFileType = text.plist.xml; path = Info.plist; sourceTree = "<group>"; };
		BCABC09E21B74AE100D03475 /* AdventCalendar2018Tests.xctest */ = {isa = PBXFileReference; explicitFileType = wrapper.cfbundle; includeInIndex = 0; path = AdventCalendar2018Tests.xctest; sourceTree = BUILT_PRODUCTS_DIR; };
		BCABC0A221B74AE100D03475 /* AdventCalendar2018Tests.swift */ = {isa = PBXFileReference; lastKnownFileType = sourcecode.swift; path = AdventCalendar2018Tests.swift; sourceTree = "<group>"; };
		BCABC0A421B74AE100D03475 /* Info.plist */ = {isa = PBXFileReference; lastKnownFileType = text.plist.xml; path = Info.plist; sourceTree = "<group>"; };
		BCABC0AD21B74AF000D03475 /* BottomBar.swift */ = {isa = PBXFileReference; lastKnownFileType = sourcecode.swift; path = BottomBar.swift; sourceTree = "<group>"; };
		BCABC0AF21B75CC400D03475 /* BottomBar.xib */ = {isa = PBXFileReference; lastKnownFileType = file.xib; path = BottomBar.xib; sourceTree = "<group>"; };
		BCABC0B121B75FC800D03475 /* PageControl.swift */ = {isa = PBXFileReference; lastKnownFileType = sourcecode.swift; path = PageControl.swift; sourceTree = "<group>"; };
/* End PBXFileReference section */

/* Begin PBXFrameworksBuildPhase section */
		BCABC08721B74AE000D03475 /* Frameworks */ = {
			isa = PBXFrameworksBuildPhase;
			buildActionMask = 2147483647;
			files = (
			);
			runOnlyForDeploymentPostprocessing = 0;
		};
		BCABC09B21B74AE100D03475 /* Frameworks */ = {
			isa = PBXFrameworksBuildPhase;
			buildActionMask = 2147483647;
			files = (
			);
			runOnlyForDeploymentPostprocessing = 0;
		};
/* End PBXFrameworksBuildPhase section */

/* Begin PBXGroup section */
		BCABC08121B74AE000D03475 = {
			isa = PBXGroup;
			children = (
				BCABC08C21B74AE000D03475 /* AdventCalendar2018 */,
				BCABC0A121B74AE100D03475 /* AdventCalendar2018Tests */,
				BCABC08B21B74AE000D03475 /* Products */,
			);
			sourceTree = "<group>";
		};
		BCABC08B21B74AE000D03475 /* Products */ = {
			isa = PBXGroup;
			children = (
				BCABC08A21B74AE000D03475 /* AdventCalendar2018.app */,
				BCABC09E21B74AE100D03475 /* AdventCalendar2018Tests.xctest */,
			);
			name = Products;
			sourceTree = "<group>";
		};
		BCABC08C21B74AE000D03475 /* AdventCalendar2018 */ = {
			isa = PBXGroup;
			children = (
				BCABC08D21B74AE000D03475 /* AppDelegate.swift */,
				BCABC08F21B74AE000D03475 /* ViewController.swift */,
				BCABC0B121B75FC800D03475 /* PageControl.swift */,
				BCABC0AD21B74AF000D03475 /* BottomBar.swift */,
				BCABC0AF21B75CC400D03475 /* BottomBar.xib */,
				BCABC09121B74AE000D03475 /* Main.storyboard */,
				BCABC09421B74AE100D03475 /* Assets.xcassets */,
				BCABC09621B74AE100D03475 /* LaunchScreen.storyboard */,
				BCABC09921B74AE100D03475 /* Info.plist */,
			);
			path = AdventCalendar2018;
			sourceTree = "<group>";
		};
		BCABC0A121B74AE100D03475 /* AdventCalendar2018Tests */ = {
			isa = PBXGroup;
			children = (
				BCABC0A221B74AE100D03475 /* AdventCalendar2018Tests.swift */,
				BCABC0A421B74AE100D03475 /* Info.plist */,
			);
			path = AdventCalendar2018Tests;
			sourceTree = "<group>";
		};
/* End PBXGroup section */

/* Begin PBXNativeTarget section */
		BCABC08921B74AE000D03475 /* AdventCalendar2018 */ = {
			isa = PBXNativeTarget;
			buildConfigurationList = BCABC0A721B74AE100D03475 /* Build configuration list for PBXNativeTarget "AdventCalendar2018" */;
			buildPhases = (
				BCABC08621B74AE000D03475 /* Sources */,
				BCABC08721B74AE000D03475 /* Frameworks */,
				BCABC08821B74AE000D03475 /* Resources */,
			);
			buildRules = (
			);
			dependencies = (
			);
			name = AdventCalendar2018;
			productName = AdventCalendar2018;
			productReference = BCABC08A21B74AE000D03475 /* AdventCalendar2018.app */;
			productType = "com.apple.product-type.application";
		};
		BCABC09D21B74AE100D03475 /* AdventCalendar2018Tests */ = {
			isa = PBXNativeTarget;
			buildConfigurationList = BCABC0AA21B74AE100D03475 /* Build configuration list for PBXNativeTarget "AdventCalendar2018Tests" */;
			buildPhases = (
				BCABC09A21B74AE100D03475 /* Sources */,
				BCABC09B21B74AE100D03475 /* Frameworks */,
				BCABC09C21B74AE100D03475 /* Resources */,
			);
			buildRules = (
			);
			dependencies = (
				BCABC0A021B74AE100D03475 /* PBXTargetDependency */,
			);
			name = AdventCalendar2018Tests;
			productName = AdventCalendar2018Tests;
			productReference = BCABC09E21B74AE100D03475 /* AdventCalendar2018Tests.xctest */;
			productType = "com.apple.product-type.bundle.unit-test";
		};
/* End PBXNativeTarget section */

/* Begin PBXProject section */
		BCABC08221B74AE000D03475 /* Project object */ = {
			isa = PBXProject;
			attributes = {
				LastSwiftUpdateCheck = 1010;
				LastUpgradeCheck = 1010;
				ORGANIZATIONNAME = jp.dely.KURASHIRU;
				TargetAttributes = {
					BCABC08921B74AE000D03475 = {
						CreatedOnToolsVersion = 10.1;
					};
					BCABC09D21B74AE100D03475 = {
						CreatedOnToolsVersion = 10.1;
						TestTargetID = BCABC08921B74AE000D03475;
					};
				};
			};
			buildConfigurationList = BCABC08521B74AE000D03475 /* Build configuration list for PBXProject "AdventCalendar2018" */;
			compatibilityVersion = "Xcode 9.3";
			developmentRegion = en;
			hasScannedForEncodings = 0;
			knownRegions = (
				en,
				Base,
			);
			mainGroup = BCABC08121B74AE000D03475;
			productRefGroup = BCABC08B21B74AE000D03475 /* Products */;
			projectDirPath = "";
			projectRoot = "";
			targets = (
				BCABC08921B74AE000D03475 /* AdventCalendar2018 */,
				BCABC09D21B74AE100D03475 /* AdventCalendar2018Tests */,
			);
		};
/* End PBXProject section */

/* Begin PBXResourcesBuildPhase section */
		BCABC08821B74AE000D03475 /* Resources */ = {
			isa = PBXResourcesBuildPhase;
			buildActionMask = 2147483647;
			files = (
				BCABC0B021B75CC400D03475 /* BottomBar.xib in Resources */,
				BCABC09821B74AE100D03475 /* LaunchScreen.storyboard in Resources */,
				BCABC09521B74AE100D03475 /* Assets.xcassets in Resources */,
				BCABC09321B74AE000D03475 /* Main.storyboard in Resources */,
			);
			runOnlyForDeploymentPostprocessing = 0;
		};
		BCABC09C21B74AE100D03475 /* Resources */ = {
			isa = PBXResourcesBuildPhase;
			buildActionMask = 2147483647;
			files = (
			);
			runOnlyForDeploymentPostprocessing = 0;
		};
/* End PBXResourcesBuildPhase section */

/* Begin PBXSourcesBuildPhase section */
		BCABC08621B74AE000D03475 /* Sources */ = {
			isa = PBXSourcesBuildPhase;
			buildActionMask = 2147483647;
			files = (
				BCABC09021B74AE000D03475 /* ViewController.swift in Sources */,
				BCABC08E21B74AE000D03475 /* AppDelegate.swift in Sources */,
				BCABC0B221B75FC800D03475 /* PageControl.swift in Sources */,
				BCABC0AE21B74AF000D03475 /* BottomBar.swift in Sources */,
			);
			runOnlyForDeploymentPostprocessing = 0;
		};
		BCABC09A21B74AE100D03475 /* Sources */ = {
			isa = PBXSourcesBuildPhase;
			buildActionMask = 2147483647;
			files = (
				BCABC0A321B74AE100D03475 /* AdventCalendar2018Tests.swift in Sources */,
			);
			runOnlyForDeploymentPostprocessing = 0;
		};
/* End PBXSourcesBuildPhase section */

/* Begin PBXTargetDependency section */
		BCABC0A021B74AE100D03475 /* PBXTargetDependency */ = {
			isa = PBXTargetDependency;
			target = BCABC08921B74AE000D03475 /* AdventCalendar2018 */;
			targetProxy = BCABC09F21B74AE100D03475 /* PBXContainerItemProxy */;
		};
/* End PBXTargetDependency section */

/* Begin PBXVariantGroup section */
		BCABC09121B74AE000D03475 /* Main.storyboard */ = {
			isa = PBXVariantGroup;
			children = (
				BCABC09221B74AE000D03475 /* Base */,
			);
			name = Main.storyboard;
			sourceTree = "<group>";
		};
		BCABC09621B74AE100D03475 /* LaunchScreen.storyboard */ = {
			isa = PBXVariantGroup;
			children = (
				BCABC09721B74AE100D03475 /* Base */,
			);
			name = LaunchScreen.storyboard;
			sourceTree = "<group>";
		};
/* End PBXVariantGroup section */

/* Begin XCBuildConfiguration section */
		BCABC0A521B74AE100D03475 /* Debug */ = {
			isa = XCBuildConfiguration;
			buildSettings = {
				ALWAYS_SEARCH_USER_PATHS = NO;
				CLANG_ANALYZER_NONNULL = YES;
				CLANG_ANALYZER_NUMBER_OBJECT_CONVERSION = YES_AGGRESSIVE;
				CLANG_CXX_LANGUAGE_STANDARD = "gnu++14";
				CLANG_CXX_LIBRARY = "libc++";
				CLANG_ENABLE_MODULES = YES;
				CLANG_ENABLE_OBJC_ARC = YES;
				CLANG_ENABLE_OBJC_WEAK = YES;
				CLANG_WARN_BLOCK_CAPTURE_AUTORELEASING = YES;
				CLANG_WARN_BOOL_CONVERSION = YES;
				CLANG_WARN_COMMA = YES;
				CLANG_WARN_CONSTANT_CONVERSION = YES;
				CLANG_WARN_DEPRECATED_OBJC_IMPLEMENTATIONS = YES;
				CLANG_WARN_DIRECT_OBJC_ISA_USAGE = YES_ERROR;
				CLANG_WARN_DOCUMENTATION_COMMENTS = YES;
				CLANG_WARN_EMPTY_BODY = YES;
				CLANG_WARN_ENUM_CONVERSION = YES;
				CLANG_WARN_INFINITE_RECURSION = YES;
				CLANG_WARN_INT_CONVERSION = YES;
				CLANG_WARN_NON_LITERAL_NULL_CONVERSION = YES;
				CLANG_WARN_OBJC_IMPLICIT_RETAIN_SELF = YES;
				CLANG_WARN_OBJC_LITERAL_CONVERSION = YES;
				CLANG_WARN_OBJC_ROOT_CLASS = YES_ERROR;
				CLANG_WARN_RANGE_LOOP_ANALYSIS = YES;
				CLANG_WARN_STRICT_PROTOTYPES = YES;
				CLANG_WARN_SUSPICIOUS_MOVE = YES;
				CLANG_WARN_UNGUARDED_AVAILABILITY = YES_AGGRESSIVE;
				CLANG_WARN_UNREACHABLE_CODE = YES;
				CLANG_WARN__DUPLICATE_METHOD_MATCH = YES;
				CODE_SIGN_IDENTITY = "iPhone Developer";
				COPY_PHASE_STRIP = NO;
				DEBUG_INFORMATION_FORMAT = dwarf;
				ENABLE_STRICT_OBJC_MSGSEND = YES;
				ENABLE_TESTABILITY = YES;
				GCC_C_LANGUAGE_STANDARD = gnu11;
				GCC_DYNAMIC_NO_PIC = NO;
				GCC_NO_COMMON_BLOCKS = YES;
				GCC_OPTIMIZATION_LEVEL = 0;
				GCC_PREPROCESSOR_DEFINITIONS = (
					"DEBUG=1",
					"$(inherited)",
				);
				GCC_WARN_64_TO_32_BIT_CONVERSION = YES;
				GCC_WARN_ABOUT_RETURN_TYPE = YES_ERROR;
				GCC_WARN_UNDECLARED_SELECTOR = YES;
				GCC_WARN_UNINITIALIZED_AUTOS = YES_AGGRESSIVE;
				GCC_WARN_UNUSED_FUNCTION = YES;
				GCC_WARN_UNUSED_VARIABLE = YES;
				IPHONEOS_DEPLOYMENT_TARGET = 12.1;
				MTL_ENABLE_DEBUG_INFO = INCLUDE_SOURCE;
				MTL_FAST_MATH = YES;
				ONLY_ACTIVE_ARCH = YES;
				SDKROOT = iphoneos;
				SWIFT_ACTIVE_COMPILATION_CONDITIONS = DEBUG;
				SWIFT_OPTIMIZATION_LEVEL = "-Onone";
			};
			name = Debug;
		};
		BCABC0A621B74AE100D03475 /* Release */ = {
			isa = XCBuildConfiguration;
			buildSettings = {
				ALWAYS_SEARCH_USER_PATHS = NO;
				CLANG_ANALYZER_NONNULL = YES;
				CLANG_ANALYZER_NUMBER_OBJECT_CONVERSION = YES_AGGRESSIVE;
				CLANG_CXX_LANGUAGE_STANDARD = "gnu++14";
				CLANG_CXX_LIBRARY = "libc++";
				CLANG_ENABLE_MODULES = YES;
				CLANG_ENABLE_OBJC_ARC = YES;
				CLANG_ENABLE_OBJC_WEAK = YES;
				CLANG_WARN_BLOCK_CAPTURE_AUTORELEASING = YES;
				CLANG_WARN_BOOL_CONVERSION = YES;
				CLANG_WARN_COMMA = YES;
				CLANG_WARN_CONSTANT_CONVERSION = YES;
				CLANG_WARN_DEPRECATED_OBJC_IMPLEMENTATIONS = YES;
				CLANG_WARN_DIRECT_OBJC_ISA_USAGE = YES_ERROR;
				CLANG_WARN_DOCUMENTATION_COMMENTS = YES;
				CLANG_WARN_EMPTY_BODY = YES;
				CLANG_WARN_ENUM_CONVERSION = YES;
				CLANG_WARN_INFINITE_RECURSION = YES;
				CLANG_WARN_INT_CONVERSION = YES;
				CLANG_WARN_NON_LITERAL_NULL_CONVERSION = YES;
				CLANG_WARN_OBJC_IMPLICIT_RETAIN_SELF = YES;
				CLANG_WARN_OBJC_LITERAL_CONVERSION = YES;
				CLANG_WARN_OBJC_ROOT_CLASS = YES_ERROR;
				CLANG_WARN_RANGE_LOOP_ANALYSIS = YES;
				CLANG_WARN_STRICT_PROTOTYPES = YES;
				CLANG_WARN_SUSPICIOUS_MOVE = YES;
				CLANG_WARN_UNGUARDED_AVAILABILITY = YES_AGGRESSIVE;
				CLANG_WARN_UNREACHABLE_CODE = YES;
				CLANG_WARN__DUPLICATE_METHOD_MATCH = YES;
				CODE_SIGN_IDENTITY = "iPhone Developer";
				COPY_PHASE_STRIP = NO;
				DEBUG_INFORMATION_FORMAT = "dwarf-with-dsym";
				ENABLE_NS_ASSERTIONS = NO;
				ENABLE_STRICT_OBJC_MSGSEND = YES;
				GCC_C_LANGUAGE_STANDARD = gnu11;
				GCC_NO_COMMON_BLOCKS = YES;
				GCC_WARN_64_TO_32_BIT_CONVERSION = YES;
				GCC_WARN_ABOUT_RETURN_TYPE = YES_ERROR;
				GCC_WARN_UNDECLARED_SELECTOR = YES;
				GCC_WARN_UNINITIALIZED_AUTOS = YES_AGGRESSIVE;
				GCC_WARN_UNUSED_FUNCTION = YES;
				GCC_WARN_UNUSED_VARIABLE = YES;
				IPHONEOS_DEPLOYMENT_TARGET = 12.1;
				MTL_ENABLE_DEBUG_INFO = NO;
				MTL_FAST_MATH = YES;
				SDKROOT = iphoneos;
				SWIFT_COMPILATION_MODE = wholemodule;
				SWIFT_OPTIMIZATION_LEVEL = "-O";
				VALIDATE_PRODUCT = YES;
			};
			name = Release;
		};
		BCABC0A821B74AE100D03475 /* Debug */ = {
			isa = XCBuildConfiguration;
			buildSettings = {
				ASSETCATALOG_COMPILER_APPICON_NAME = AppIcon;
				CODE_SIGN_STYLE = Automatic;
				DEVELOPMENT_TEAM = 3D7489DM9Z;
				INFOPLIST_FILE = AdventCalendar2018/Info.plist;
				IPHONEOS_DEPLOYMENT_TARGET = 11.0;
				LD_RUNPATH_SEARCH_PATHS = (
					"$(inherited)",
					"@executable_path/Frameworks",
				);
				PRODUCT_BUNDLE_IDENTIFIER = jp.dely.KURASHIRU.AdventCalendar2018;
				PRODUCT_NAME = "$(TARGET_NAME)";
				SWIFT_VERSION = 4.2;
				TARGETED_DEVICE_FAMILY = "1,2";
			};
			name = Debug;
		};
		BCABC0A921B74AE100D03475 /* Release */ = {
			isa = XCBuildConfiguration;
			buildSettings = {
				ASSETCATALOG_COMPILER_APPICON_NAME = AppIcon;
				CODE_SIGN_STYLE = Automatic;
				DEVELOPMENT_TEAM = 3D7489DM9Z;
				INFOPLIST_FILE = AdventCalendar2018/Info.plist;
				IPHONEOS_DEPLOYMENT_TARGET = 11.0;
				LD_RUNPATH_SEARCH_PATHS = (
					"$(inherited)",
					"@executable_path/Frameworks",
				);
				PRODUCT_BUNDLE_IDENTIFIER = jp.dely.KURASHIRU.AdventCalendar2018;
				PRODUCT_NAME = "$(TARGET_NAME)";
				SWIFT_VERSION = 4.2;
				TARGETED_DEVICE_FAMILY = "1,2";
			};
			name = Release;
		};
		BCABC0AB21B74AE100D03475 /* Debug */ = {
			isa = XCBuildConfiguration;
			buildSettings = {
				ALWAYS_EMBED_SWIFT_STANDARD_LIBRARIES = YES;
				BUNDLE_LOADER = "$(TEST_HOST)";
				CODE_SIGN_STYLE = Automatic;
				DEVELOPMENT_TEAM = 3D7489DM9Z;
				INFOPLIST_FILE = AdventCalendar2018Tests/Info.plist;
				LD_RUNPATH_SEARCH_PATHS = (
					"$(inherited)",
					"@executable_path/Frameworks",
					"@loader_path/Frameworks",
				);
				PRODUCT_BUNDLE_IDENTIFIER = jp.dely.KURASHIRU.AdventCalendar2018Tests;
				PRODUCT_NAME = "$(TARGET_NAME)";
				SWIFT_VERSION = 4.2;
				TARGETED_DEVICE_FAMILY = "1,2";
				TEST_HOST = "$(BUILT_PRODUCTS_DIR)/AdventCalendar2018.app/AdventCalendar2018";
			};
			name = Debug;
		};
		BCABC0AC21B74AE100D03475 /* Release */ = {
			isa = XCBuildConfiguration;
			buildSettings = {
				ALWAYS_EMBED_SWIFT_STANDARD_LIBRARIES = YES;
				BUNDLE_LOADER = "$(TEST_HOST)";
				CODE_SIGN_STYLE = Automatic;
				DEVELOPMENT_TEAM = 3D7489DM9Z;
				INFOPLIST_FILE = AdventCalendar2018Tests/Info.plist;
				LD_RUNPATH_SEARCH_PATHS = (
					"$(inherited)",
					"@executable_path/Frameworks",
					"@loader_path/Frameworks",
				);
				PRODUCT_BUNDLE_IDENTIFIER = jp.dely.KURASHIRU.AdventCalendar2018Tests;
				PRODUCT_NAME = "$(TARGET_NAME)";
				SWIFT_VERSION = 4.2;
				TARGETED_DEVICE_FAMILY = "1,2";
				TEST_HOST = "$(BUILT_PRODUCTS_DIR)/AdventCalendar2018.app/AdventCalendar2018";
			};
			name = Release;
		};
/* End XCBuildConfiguration section */

/* Begin XCConfigurationList section */
		BCABC08521B74AE000D03475 /* Build configuration list for PBXProject "AdventCalendar2018" */ = {
			isa = XCConfigurationList;
			buildConfigurations = (
				BCABC0A521B74AE100D03475 /* Debug */,
				BCABC0A621B74AE100D03475 /* Release */,
			);
			defaultConfigurationIsVisible = 0;
			defaultConfigurationName = Release;
		};
		BCABC0A721B74AE100D03475 /* Build configuration list for PBXNativeTarget "AdventCalendar2018" */ = {
			isa = XCConfigurationList;
			buildConfigurations = (
				BCABC0A821B74AE100D03475 /* Debug */,
				BCABC0A921B74AE100D03475 /* Release */,
			);
			defaultConfigurationIsVisible = 0;
			defaultConfigurationName = Release;
		};
		BCABC0AA21B74AE100D03475 /* Build configuration list for PBXNativeTarget "AdventCalendar2018Tests" */ = {
			isa = XCConfigurationList;
			buildConfigurations = (
				BCABC0AB21B74AE100D03475 /* Debug */,
				BCABC0AC21B74AE100D03475 /* Release */,
			);
			defaultConfigurationIsVisible = 0;
			defaultConfigurationName = Release;
		};
/* End XCConfigurationList section */
	};
	rootObject = BCABC08221B74AE000D03475 /* Project object */;
}
